<Solution>  <Folder Name="/src/">    <Project Path="Fini/src/Fini.v3/Fini.v3.fsproj" />    <Project Path="Fini/src/Fini/Fini.fsproj" />  </Folder>  <Folder Name="/test/">    <Project Path="Fini/test/Fini.v3.Tests/Fini.v3.Tests.fsproj" />    <Project Path="Fini/test/Fini.Tests/Fini.Tests.fsproj" />  </Folder></Solution>